
Microsoft Visual Studio Solution File, Format Version 12.00
# Visual Studio Version 16
VisualStudioVersion = 16.0.29001.49
MinimumVisualStudioVersion = 10.0.40219.1
Project("{9A19103F-16F7-4668-BE54-9A1E7A4F7556}") = "odd.web", "odd.web\odd.web.csproj", "{AF3DC20A-B821-4D93-8C04-D8A5EC919F27}"
EndProject
Project("{9A19103F-16F7-4668-BE54-9A1E7A4F7556}") = "odd.services", "odd.services\odd.services.csproj", "{0CA276CC-6EE4-4518-981F-8B13EDB52C27}"
EndProject
Global
	GlobalSection(SolutionConfigurationPlatforms) = preSolution
		Debug|Any CPU = Debug|Any CPU
		Release|Any CPU = Release|Any CPU
	EndGlobalSection
	GlobalSection(ProjectConfigurationPlatforms) = postSolution
		{AF3DC20A-B821-4D93-8C04-D8A5EC919F27}.Debug|Any CPU.ActiveCfg = Debug|Any CPU
		{AF3DC20A-B821-4D93-8C04-D8A5EC919F27}.Debug|Any CPU.Build.0 = Debug|Any CPU
		{AF3DC20A-B821-4D93-8C04-D8A5EC919F27}.Release|Any CPU.ActiveCfg = Release|Any CPU
		{AF3DC20A-B821-4D93-8C04-D8A5EC919F27}.Release|Any CPU.Build.0 = Release|Any CPU
		{0CA276CC-6EE4-4518-981F-8B13EDB52C27}.Debug|Any CPU.ActiveCfg = Debug|Any CPU
		{0CA276CC-6EE4-4518-981F-8B13EDB52C27}.Debug|Any CPU.Build.0 = Debug|Any CPU
		{0CA276CC-6EE4-4518-981F-8B13EDB52C27}.Release|Any CPU.ActiveCfg = Release|Any CPU
		{0CA276CC-6EE4-4518-981F-8B13EDB52C27}.Release|Any CPU.Build.0 = Release|Any CPU
	EndGlobalSection
	GlobalSection(SolutionProperties) = preSolution
		HideSolutionNode = FALSE
	EndGlobalSection
	GlobalSection(ExtensibilityGlobals) = postSolution
		SolutionGuid = {4D16DAED-B3A1-4483-9575-427A5533BD92}
	EndGlobalSection
EndGlobal
